<Solution>
  <Folder Name="/src/">
    <Project Path="src/SomeGame.Core/SomeGame.Core.csproj" />
    <Project Path="src/SomeGame.Server/SomeGame.Server.csproj" />
  </Folder>
  <Folder Name="/tests/">
    <Project Path="tests/SomeGame.Core.Tests/SomeGame.Core.Tests.csproj" />
  </Folder>
  <Folder Name="/tools/">
    <Project Path="tools/SomeGame.Balance/SomeGame.Balance.csproj" />
  </Folder>
</Solution>
